Microsoft Visual Studio Solution File, Format Version 12.00
# Visual Studio Version 17
VisualStudioVersion = 17.5.2.0
MinimumVisualStudioVersion = 10.0.40219.1
Project("{FAE04EC0-301F-11D3-BF4B-00C04F79EFBC}") = "StevenSiteAPI", "StevenSiteAPI\StevenSiteAPI.csproj", "{5F9B0D26-80E7-9C9D-9609-10D3CE26B116}"
EndProject
Global
	GlobalSection(SolutionConfigurationPlatforms) = preSolution
		Debug|Any CPU = Debug|Any CPU
		Release|Any CPU = Release|Any CPU
	EndGlobalSection
	GlobalSection(ProjectConfigurationPlatforms) = postSolution
		{5F9B0D26-80E7-9C9D-9609-10D3CE26B116}.Debug|Any CPU.ActiveCfg = Debug|Any CPU
		{5F9B0D26-80E7-9C9D-9609-10D3CE26B116}.Debug|Any CPU.Build.0 = Debug|Any CPU
		{5F9B0D26-80E7-9C9D-9609-10D3CE26B116}.Release|Any CPU.ActiveCfg = Release|Any CPU
		{5F9B0D26-80E7-9C9D-9609-10D3CE26B116}.Release|Any CPU.Build.0 = Release|Any CPU
	EndGlobalSection
	GlobalSection(SolutionProperties) = preSolution
		HideSolutionNode = FALSE
	EndGlobalSection
	GlobalSection(ExtensibilityGlobals) = postSolution
		SolutionGuid = {F0A0B98E-78AB-4731-80E3-F7A2D121458A}
	EndGlobalSection
EndGlobal
